
Microsoft Visual Studio Solution File, Format Version 12.00
# Visual Studio Version 16
VisualStudioVersion = 16.0.31313.79
MinimumVisualStudioVersion = 10.0.40219.1
Project("{FAE04EC0-301F-11D3-BF4B-00C04F79EFBC}") = "Арбуз", "Арбуз\Арбуз.csproj", "{586F5B7A-FE6A-4BED-A604-2DD3389DEF1D}"
EndProject
Global
	GlobalSection(SolutionConfigurationPlatforms) = preSolution
		Debug|Any CPU = Debug|Any CPU
		Release|Any CPU = Release|Any CPU
	EndGlobalSection
	GlobalSection(ProjectConfigurationPlatforms) = postSolution
		{586F5B7A-FE6A-4BED-A604-2DD3389DEF1D}.Debug|Any CPU.ActiveCfg = Debug|Any CPU
		{586F5B7A-FE6A-4BED-A604-2DD3389DEF1D}.Debug|Any CPU.Build.0 = Debug|Any CPU
		{586F5B7A-FE6A-4BED-A604-2DD3389DEF1D}.Release|Any CPU.ActiveCfg = Release|Any CPU
		{586F5B7A-FE6A-4BED-A604-2DD3389DEF1D}.Release|Any CPU.Build.0 = Release|Any CPU
	EndGlobalSection
	GlobalSection(SolutionProperties) = preSolution
		HideSolutionNode = FALSE
	EndGlobalSection
	GlobalSection(ExtensibilityGlobals) = postSolution
		SolutionGuid = {8713CF3D-EBEC-448F-AF86-35F7759CD987}
	EndGlobalSection
EndGlobal
